
Microsoft Visual Studio Solution File, Format Version 12.00
# Visual Studio 14
VisualStudioVersion = 14.0.25420.1
MinimumVisualStudioVersion = 10.0.40219.1
Project("{FAE04EC0-301F-11D3-BF4B-00C04F79EFBC}") = "Service", "Service\Service.csproj", "{C8FA30DF-9DC3-4A3B-A59B-8184B7A0E9DF}"
	ProjectSection(ProjectDependencies) = postProject
		{DB60760F-F7E7-44D1-848C-B591325F2F93} = {DB60760F-F7E7-44D1-848C-B591325F2F93}
	EndProjectSection
EndProject
Project("{FAE04EC0-301F-11D3-BF4B-00C04F79EFBC}") = "Host", "Host\Host.csproj", "{15DEE71B-D087-4987-B3E3-02ACCF62BD5E}"
	ProjectSection(ProjectDependencies) = postProject
		{DB60760F-F7E7-44D1-848C-B591325F2F93} = {DB60760F-F7E7-44D1-848C-B591325F2F93}
	EndProjectSection
EndProject
Project("{FAE04EC0-301F-11D3-BF4B-00C04F79EFBC}") = "Models", "Models\Models.csproj", "{EFD5B13E-3226-4C13-9A34-FDC640BBA78A}"
EndProject
Project("{FAE04EC0-301F-11D3-BF4B-00C04F79EFBC}") = "DAL", "DAL\DAL.csproj", "{DB60760F-F7E7-44D1-848C-B591325F2F93}"
EndProject
Project("{FAE04EC0-301F-11D3-BF4B-00C04F79EFBC}") = "Client", "Client\Client.csproj", "{F8CD85AD-549F-4EE2-B23E-8EEEF42776D2}"
	ProjectSection(ProjectDependencies) = postProject
		{15DEE71B-D087-4987-B3E3-02ACCF62BD5E} = {15DEE71B-D087-4987-B3E3-02ACCF62BD5E}
		{C8FA30DF-9DC3-4A3B-A59B-8184B7A0E9DF} = {C8FA30DF-9DC3-4A3B-A59B-8184B7A0E9DF}
	EndProjectSection
EndProject
Global
	GlobalSection(SolutionConfigurationPlatforms) = preSolution
		Debug|Any CPU = Debug|Any CPU
		Release|Any CPU = Release|Any CPU
	EndGlobalSection
	GlobalSection(ProjectConfigurationPlatforms) = postSolution
		{C8FA30DF-9DC3-4A3B-A59B-8184B7A0E9DF}.Debug|Any CPU.ActiveCfg = Debug|Any CPU
		{C8FA30DF-9DC3-4A3B-A59B-8184B7A0E9DF}.Debug|Any CPU.Build.0 = Debug|Any CPU
		{C8FA30DF-9DC3-4A3B-A59B-8184B7A0E9DF}.Release|Any CPU.ActiveCfg = Release|Any CPU
		{C8FA30DF-9DC3-4A3B-A59B-8184B7A0E9DF}.Release|Any CPU.Build.0 = Release|Any CPU
		{15DEE71B-D087-4987-B3E3-02ACCF62BD5E}.Debug|Any CPU.ActiveCfg = Debug|Any CPU
		{15DEE71B-D087-4987-B3E3-02ACCF62BD5E}.Debug|Any CPU.Build.0 = Debug|Any CPU
		{15DEE71B-D087-4987-B3E3-02ACCF62BD5E}.Release|Any CPU.ActiveCfg = Release|Any CPU
		{15DEE71B-D087-4987-B3E3-02ACCF62BD5E}.Release|Any CPU.Build.0 = Release|Any CPU
		{EFD5B13E-3226-4C13-9A34-FDC640BBA78A}.Debug|Any CPU.ActiveCfg = Debug|Any CPU
		{EFD5B13E-3226-4C13-9A34-FDC640BBA78A}.Debug|Any CPU.Build.0 = Debug|Any CPU
		{EFD5B13E-3226-4C13-9A34-FDC640BBA78A}.Release|Any CPU.ActiveCfg = Release|Any CPU
		{EFD5B13E-3226-4C13-9A34-FDC640BBA78A}.Release|Any CPU.Build.0 = Release|Any CPU
		{DB60760F-F7E7-44D1-848C-B591325F2F93}.Debug|Any CPU.ActiveCfg = Debug|Any CPU
		{DB60760F-F7E7-44D1-848C-B591325F2F93}.Debug|Any CPU.Build.0 = Debug|Any CPU
		{DB60760F-F7E7-44D1-848C-B591325F2F93}.Release|Any CPU.ActiveCfg = Release|Any CPU
		{DB60760F-F7E7-44D1-848C-B591325F2F93}.Release|Any CPU.Build.0 = Release|Any CPU
		{F8CD85AD-549F-4EE2-B23E-8EEEF42776D2}.Debug|Any CPU.ActiveCfg = Debug|Any CPU
		{F8CD85AD-549F-4EE2-B23E-8EEEF42776D2}.Debug|Any CPU.Build.0 = Debug|Any CPU
		{F8CD85AD-549F-4EE2-B23E-8EEEF42776D2}.Release|Any CPU.ActiveCfg = Release|Any CPU
		{F8CD85AD-549F-4EE2-B23E-8EEEF42776D2}.Release|Any CPU.Build.0 = Release|Any CPU
	EndGlobalSection
	GlobalSection(SolutionProperties) = preSolution
		HideSolutionNode = FALSE
	EndGlobalSection
EndGlobal
